
Microsoft Visual Studio Solution File, Format Version 12.00
# Visual Studio 15
VisualStudioVersion = 15.0.27130.2003
MinimumVisualStudioVersion = 10.0.40219.1
Project("{FAE04EC0-301F-11D3-BF4B-00C04F79EFBC}") = "WiredBrainCoffeeMachine.Simulator", "WiredBrainCoffeeMachine.Simulator\WiredBrainCoffeeMachine.Simulator.csproj", "{786AD9B0-A7E0-4D2B-81C9-78E571E80CF1}"
EndProject
Project("{FAE04EC0-301F-11D3-BF4B-00C04F79EFBC}") = "WiredBrainCoffee.EventHub.Sender", "WiredBrainCoffee.EventHub.Sender\WiredBrainCoffee.EventHub.Sender.csproj", "{72359E24-96EF-485C-9511-D43FF954B49E}"
EndProject
Global
	GlobalSection(SolutionConfigurationPlatforms) = preSolution
		Debug|Any CPU = Debug|Any CPU
		Release|Any CPU = Release|Any CPU
	EndGlobalSection
	GlobalSection(ProjectConfigurationPlatforms) = postSolution
		{786AD9B0-A7E0-4D2B-81C9-78E571E80CF1}.Debug|Any CPU.ActiveCfg = Debug|Any CPU
		{786AD9B0-A7E0-4D2B-81C9-78E571E80CF1}.Debug|Any CPU.Build.0 = Debug|Any CPU
		{786AD9B0-A7E0-4D2B-81C9-78E571E80CF1}.Release|Any CPU.ActiveCfg = Release|Any CPU
		{786AD9B0-A7E0-4D2B-81C9-78E571E80CF1}.Release|Any CPU.Build.0 = Release|Any CPU
		{72359E24-96EF-485C-9511-D43FF954B49E}.Debug|Any CPU.ActiveCfg = Debug|Any CPU
		{72359E24-96EF-485C-9511-D43FF954B49E}.Debug|Any CPU.Build.0 = Debug|Any CPU
		{72359E24-96EF-485C-9511-D43FF954B49E}.Release|Any CPU.ActiveCfg = Release|Any CPU
		{72359E24-96EF-485C-9511-D43FF954B49E}.Release|Any CPU.Build.0 = Release|Any CPU
	EndGlobalSection
	GlobalSection(SolutionProperties) = preSolution
		HideSolutionNode = FALSE
	EndGlobalSection
	GlobalSection(ExtensibilityGlobals) = postSolution
		SolutionGuid = {0D795323-74F9-44A0-B975-3F10A17F9A1F}
	EndGlobalSection
EndGlobal
